
Microsoft Visual Studio Solution File, Format Version 12.00
# Visual Studio Version 17
VisualStudioVersion = 17.9.34622.214
MinimumVisualStudioVersion = 10.0.40219.1
Project("{FAE04EC0-301F-11D3-BF4B-00C04F79EFBC}") = "SoGoodSushi", "SoGoodSushi.csproj", "{D09E6CF8-D085-47C4-9931-92F0C9B3C736}"
EndProject
Global
	GlobalSection(SolutionConfigurationPlatforms) = preSolution
		Debug|Any CPU = Debug|Any CPU
		Release|Any CPU = Release|Any CPU
	EndGlobalSection
	GlobalSection(ProjectConfigurationPlatforms) = postSolution
		{D09E6CF8-D085-47C4-9931-92F0C9B3C736}.Debug|Any CPU.ActiveCfg = Debug|Any CPU
		{D09E6CF8-D085-47C4-9931-92F0C9B3C736}.Debug|Any CPU.Build.0 = Debug|Any CPU
		{D09E6CF8-D085-47C4-9931-92F0C9B3C736}.Release|Any CPU.ActiveCfg = Release|Any CPU
		{D09E6CF8-D085-47C4-9931-92F0C9B3C736}.Release|Any CPU.Build.0 = Release|Any CPU
	EndGlobalSection
	GlobalSection(SolutionProperties) = preSolution
		HideSolutionNode = FALSE
	EndGlobalSection
	GlobalSection(ExtensibilityGlobals) = postSolution
		SolutionGuid = {12B80EF8-9019-4186-AA95-9DDF0DDF5776}
	EndGlobalSection
EndGlobal
